
Microsoft Visual Studio Solution File, Format Version 12.00
# Visual Studio Version 17
VisualStudioVersion = 17.8.34511.84
MinimumVisualStudioVersion = 10.0.40219.1
Project("{9A19103F-16F7-4668-BE54-9A1E7A4F7556}") = "ControleDeContatos", "ControleDeContatos\ControleDeContatos.csproj", "{104E94B8-A002-4EC6-94D2-FB3001E71220}"
EndProject
Global
	GlobalSection(SolutionConfigurationPlatforms) = preSolution
		Debug|Any CPU = Debug|Any CPU
		Release|Any CPU = Release|Any CPU
	EndGlobalSection
	GlobalSection(ProjectConfigurationPlatforms) = postSolution
		{104E94B8-A002-4EC6-94D2-FB3001E71220}.Debug|Any CPU.ActiveCfg = Debug|Any CPU
		{104E94B8-A002-4EC6-94D2-FB3001E71220}.Debug|Any CPU.Build.0 = Debug|Any CPU
		{104E94B8-A002-4EC6-94D2-FB3001E71220}.Release|Any CPU.ActiveCfg = Release|Any CPU
		{104E94B8-A002-4EC6-94D2-FB3001E71220}.Release|Any CPU.Build.0 = Release|Any CPU
	EndGlobalSection
	GlobalSection(SolutionProperties) = preSolution
		HideSolutionNode = FALSE
	EndGlobalSection
	GlobalSection(ExtensibilityGlobals) = postSolution
		SolutionGuid = {884B4332-E08F-4FCA-B20F-307B538A905E}
	EndGlobalSection
EndGlobal
